// !$*UTF8*$!
{
	archiveVersion = 1;
	classes = {
	};
	objectVersion = 46;
	objects = {

/* Begin PBXBuildFile section */
		0C652B74DBE36EB031032489 /* Pods_GateUpTests.framework in Frameworks */ = {isa = PBXBuildFile; fileRef = 9960D2AC7D7E4C080608887A /* Pods_GateUpTests.framework */; };
		1045957DFD0909F6E8DA8CC7 /* Pods_GateUpUITests.framework in Frameworks */ = {isa = PBXBuildFile; fileRef = 07D45A4EA8EC9EF45CBF6330 /* Pods_GateUpUITests.framework */; };
		3C06B32B1DDF5AAD0084BF82 /* ProfileTableViewController.swift in Sources */ = {isa = PBXBuildFile; fileRef = 3C06B32A1DDF5AAD0084BF82 /* ProfileTableViewController.swift */; };
		3C3E45EF1DDFB09B00E68C80 /* ParkingInfoViewController.swift in Sources */ = {isa = PBXBuildFile; fileRef = 3C3E45EE1DDFB09B00E68C80 /* ParkingInfoViewController.swift */; };
		3C3E45F11DDFB0DB00E68C80 /* Parking.swift in Sources */ = {isa = PBXBuildFile; fileRef = 3C3E45F01DDFB0DB00E68C80 /* Parking.swift */; };
		3C40F41C1DBBBE02006C957E /* SignUpViewController.swift in Sources */ = {isa = PBXBuildFile; fileRef = 3C40F41B1DBBBE02006C957E /* SignUpViewController.swift */; };
		3C40F4201DBD0010006C957E /* LoginViewController.swift in Sources */ = {isa = PBXBuildFile; fileRef = 3C40F41F1DBD0010006C957E /* LoginViewController.swift */; };
		3C40F4221DBD017E006C957E /* DesignManager.swift in Sources */ = {isa = PBXBuildFile; fileRef = 3C40F4211DBD017E006C957E /* DesignManager.swift */; };
		3C40F42F1DBD0595006C957E /* TitilliumWeb-Black.ttf in Resources */ = {isa = PBXBuildFile; fileRef = 3C40F4241DBD0595006C957E /* TitilliumWeb-Black.ttf */; };
		3C40F4301DBD0595006C957E /* TitilliumWeb-Bold.ttf in Resources */ = {isa = PBXBuildFile; fileRef = 3C40F4251DBD0595006C957E /* TitilliumWeb-Bold.ttf */; };
		3C40F4311DBD0595006C957E /* TitilliumWeb-BoldItalic.ttf in Resources */ = {isa = PBXBuildFile; fileRef = 3C40F4261DBD0595006C957E /* TitilliumWeb-BoldItalic.ttf */; };
		3C40F4321DBD0595006C957E /* TitilliumWeb-ExtraLight.ttf in Resources */ = {isa = PBXBuildFile; fileRef = 3C40F4271DBD0595006C957E /* TitilliumWeb-ExtraLight.ttf */; };
		3C40F4331DBD0595006C957E /* TitilliumWeb-ExtraLightItalic.ttf in Resources */ = {isa = PBXBuildFile; fileRef = 3C40F4281DBD0595006C957E /* TitilliumWeb-ExtraLightItalic.ttf */; };
		3C40F4341DBD0595006C957E /* TitilliumWeb-Italic.ttf in Resources */ = {isa = PBXBuildFile; fileRef = 3C40F4291DBD0595006C957E /* TitilliumWeb-Italic.ttf */; };
		3C40F4351DBD0595006C957E /* TitilliumWeb-Light.ttf in Resources */ = {isa = PBXBuildFile; fileRef = 3C40F42A1DBD0595006C957E /* TitilliumWeb-Light.ttf */; };
		3C40F4361DBD0595006C957E /* TitilliumWeb-LightItalic.ttf in Resources */ = {isa = PBXBuildFile; fileRef = 3C40F42B1DBD0595006C957E /* TitilliumWeb-LightItalic.ttf */; };
		3C40F4371DBD0595006C957E /* TitilliumWeb-Regular.ttf in Resources */ = {isa = PBXBuildFile; fileRef = 3C40F42C1DBD0595006C957E /* TitilliumWeb-Regular.ttf */; };
		3C40F4381DBD0595006C957E /* TitilliumWeb-SemiBold.ttf in Resources */ = {isa = PBXBuildFile; fileRef = 3C40F42D1DBD0595006C957E /* TitilliumWeb-SemiBold.ttf */; };
		3C40F4391DBD0595006C957E /* TitilliumWeb-SemiBoldItalic.ttf in Resources */ = {isa = PBXBuildFile; fileRef = 3C40F42E1DBD0595006C957E /* TitilliumWeb-SemiBoldItalic.ttf */; };
		3C4125931DBE52EA00659A1A /* ParkListViewController.swift in Sources */ = {isa = PBXBuildFile; fileRef = 3C4125921DBE52EA00659A1A /* ParkListViewController.swift */; };
		3C4125951DBE531800659A1A /* ParkListTableViewCell.swift in Sources */ = {isa = PBXBuildFile; fileRef = 3C4125941DBE531800659A1A /* ParkListTableViewCell.swift */; };
		3CFAA9171DB807FD001DE5C3 /* AppDelegate.swift in Sources */ = {isa = PBXBuildFile; fileRef = 3CFAA9161DB807FD001DE5C3 /* AppDelegate.swift */; };
		3CFAA9191DB807FD001DE5C3 /* ViewController.swift in Sources */ = {isa = PBXBuildFile; fileRef = 3CFAA9181DB807FD001DE5C3 /* ViewController.swift */; };
		3CFAA91C1DB807FD001DE5C3 /* Main.storyboard in Resources */ = {isa = PBXBuildFile; fileRef = 3CFAA91A1DB807FD001DE5C3 /* Main.storyboard */; };
		3CFAA91E1DB807FD001DE5C3 /* Assets.xcassets in Resources */ = {isa = PBXBuildFile; fileRef = 3CFAA91D1DB807FD001DE5C3 /* Assets.xcassets */; };
		3CFAA9211DB807FD001DE5C3 /* LaunchScreen.storyboard in Resources */ = {isa = PBXBuildFile; fileRef = 3CFAA91F1DB807FD001DE5C3 /* LaunchScreen.storyboard */; };
		3CFAA92C1DB807FD001DE5C3 /* GateUpTests.swift in Sources */ = {isa = PBXBuildFile; fileRef = 3CFAA92B1DB807FD001DE5C3 /* GateUpTests.swift */; };
		3CFAA9371DB807FD001DE5C3 /* GateUpUITests.swift in Sources */ = {isa = PBXBuildFile; fileRef = 3CFAA9361DB807FD001DE5C3 /* GateUpUITests.swift */; };
		B19C3B8D735238C35D8D090E /* Pods_GateUp.framework in Frameworks */ = {isa = PBXBuildFile; fileRef = 82897203061F6BAA3EAAE490 /* Pods_GateUp.framework */; };
/* End PBXBuildFile section */

/* Begin PBXContainerItemProxy section */
		3CFAA9281DB807FD001DE5C3 /* PBXContainerItemProxy */ = {
			isa = PBXContainerItemProxy;
			containerPortal = 3CFAA90B1DB807FD001DE5C3 /* Project object */;
			proxyType = 1;
			remoteGlobalIDString = 3CFAA9121DB807FD001DE5C3;
			remoteInfo = GateUp;
		};
		3CFAA9331DB807FD001DE5C3 /* PBXContainerItemProxy */ = {
			isa = PBXContainerItemProxy;
			containerPortal = 3CFAA90B1DB807FD001DE5C3 /* Project object */;
			proxyType = 1;
			remoteGlobalIDString = 3CFAA9121DB807FD001DE5C3;
			remoteInfo = GateUp;
		};
/* End PBXContainerItemProxy section */

/* Begin PBXFileReference section */
		07D45A4EA8EC9EF45CBF6330 /* Pods_GateUpUITests.framework */ = {isa = PBXFileReference; explicitFileType = wrapper.framework; includeInIndex = 0; path = Pods_GateUpUITests.framework; sourceTree = BUILT_PRODUCTS_DIR; };
		16B524D64398A9C25BC423C0 /* Pods-GateUpTests.debug.xcconfig */ = {isa = PBXFileReference; includeInIndex = 1; lastKnownFileType = text.xcconfig; name = "Pods-GateUpTests.debug.xcconfig"; path = "Pods/Target Support Files/Pods-GateUpTests/Pods-GateUpTests.debug.xcconfig"; sourceTree = "<group>"; };
		3C06B32A1DDF5AAD0084BF82 /* ProfileTableViewController.swift */ = {isa = PBXFileReference; fileEncoding = 4; lastKnownFileType = sourcecode.swift; path = ProfileTableViewController.swift; sourceTree = "<group>"; };
		3C3E45EE1DDFB09B00E68C80 /* ParkingInfoViewController.swift */ = {isa = PBXFileReference; fileEncoding = 4; lastKnownFileType = sourcecode.swift; path = ParkingInfoViewController.swift; sourceTree = "<group>"; };
		3C3E45F01DDFB0DB00E68C80 /* Parking.swift */ = {isa = PBXFileReference; fileEncoding = 4; lastKnownFileType = sourcecode.swift; path = Parking.swift; sourceTree = "<group>"; };
		3C40F41B1DBBBE02006C957E /* SignUpViewController.swift */ = {isa = PBXFileReference; fileEncoding = 4; lastKnownFileType = sourcecode.swift; path = SignUpViewController.swift; sourceTree = "<group>"; };
		3C40F41F1DBD0010006C957E /* LoginViewController.swift */ = {isa = PBXFileReference; fileEncoding = 4; lastKnownFileType = sourcecode.swift; path = LoginViewController.swift; sourceTree = "<group>"; };
		3C40F4211DBD017E006C957E /* DesignManager.swift */ = {isa = PBXFileReference; fileEncoding = 4; lastKnownFileType = sourcecode.swift; path = DesignManager.swift; sourceTree = "<group>"; };
		3C40F4241DBD0595006C957E /* TitilliumWeb-Black.ttf */ = {isa = PBXFileReference; lastKnownFileType = file; path = "TitilliumWeb-Black.ttf"; sourceTree = "<group>"; };
		3C40F4251DBD0595006C957E /* TitilliumWeb-Bold.ttf */ = {isa = PBXFileReference; lastKnownFileType = file; path = "TitilliumWeb-Bold.ttf"; sourceTree = "<group>"; };
		3C40F4261DBD0595006C957E /* TitilliumWeb-BoldItalic.ttf */ = {isa = PBXFileReference; lastKnownFileType = file; path = "TitilliumWeb-BoldItalic.ttf"; sourceTree = "<group>"; };
		3C40F4271DBD0595006C957E /* TitilliumWeb-ExtraLight.ttf */ = {isa = PBXFileReference; lastKnownFileType = file; path = "TitilliumWeb-ExtraLight.ttf"; sourceTree = "<group>"; };
		3C40F4281DBD0595006C957E /* TitilliumWeb-ExtraLightItalic.ttf */ = {isa = PBXFileReference; lastKnownFileType = file; path = "TitilliumWeb-ExtraLightItalic.ttf"; sourceTree = "<group>"; };
		3C40F4291DBD0595006C957E /* TitilliumWeb-Italic.ttf */ = {isa = PBXFileReference; lastKnownFileType = file; path = "TitilliumWeb-Italic.ttf"; sourceTree = "<group>"; };
		3C40F42A1DBD0595006C957E /* TitilliumWeb-Light.ttf */ = {isa = PBXFileReference; lastKnownFileType = file; path = "TitilliumWeb-Light.ttf"; sourceTree = "<group>"; };
		3C40F42B1DBD0595006C957E /* TitilliumWeb-LightItalic.ttf */ = {isa = PBXFileReference; lastKnownFileType = file; path = "TitilliumWeb-LightItalic.ttf"; sourceTree = "<group>"; };
		3C40F42C1DBD0595006C957E /* TitilliumWeb-Regular.ttf */ = {isa = PBXFileReference; lastKnownFileType = file; path = "TitilliumWeb-Regular.ttf"; sourceTree = "<group>"; };
		3C40F42D1DBD0595006C957E /* TitilliumWeb-SemiBold.ttf */ = {isa = PBXFileReference; lastKnownFileType = file; path = "TitilliumWeb-SemiBold.ttf"; sourceTree = "<group>"; };
		3C40F42E1DBD0595006C957E /* TitilliumWeb-SemiBoldItalic.ttf */ = {isa = PBXFileReference; lastKnownFileType = file; path = "TitilliumWeb-SemiBoldItalic.ttf"; sourceTree = "<group>"; };
		3C4125921DBE52EA00659A1A /* ParkListViewController.swift */ = {isa = PBXFileReference; fileEncoding = 4; lastKnownFileType = sourcecode.swift; path = ParkListViewController.swift; sourceTree = "<group>"; };
		3C4125941DBE531800659A1A /* ParkListTableViewCell.swift */ = {isa = PBXFileReference; fileEncoding = 4; lastKnownFileType = sourcecode.swift; path = ParkListTableViewCell.swift; sourceTree = "<group>"; };
		3CFAA9131DB807FD001DE5C3 /* GateUp.app */ = {isa = PBXFileReference; explicitFileType = wrapper.application; includeInIndex = 0; path = GateUp.app; sourceTree = BUILT_PRODUCTS_DIR; };
		3CFAA9161DB807FD001DE5C3 /* AppDelegate.swift */ = {isa = PBXFileReference; lastKnownFileType = sourcecode.swift; path = AppDelegate.swift; sourceTree = "<group>"; };
		3CFAA9181DB807FD001DE5C3 /* ViewController.swift */ = {isa = PBXFileReference; lastKnownFileType = sourcecode.swift; path = ViewController.swift; sourceTree = "<group>"; };
		3CFAA91B1DB807FD001DE5C3 /* Base */ = {isa = PBXFileReference; lastKnownFileType = file.storyboard; name = Base; path = Base.lproj/Main.storyboard; sourceTree = "<group>"; };
		3CFAA91D1DB807FD001DE5C3 /* Assets.xcassets */ = {isa = PBXFileReference; lastKnownFileType = folder.assetcatalog; path = Assets.xcassets; sourceTree = "<group>"; };
		3CFAA9201DB807FD001DE5C3 /* Base */ = {isa = PBXFileReference; lastKnownFileType = file.storyboard; name = Base; path = Base.lproj/LaunchScreen.storyboard; sourceTree = "<group>"; };
		3CFAA9221DB807FD001DE5C3 /* Info.plist */ = {isa = PBXFileReference; lastKnownFileType = text.plist.xml; path = Info.plist; sourceTree = "<group>"; };
		3CFAA9271DB807FD001DE5C3 /* GateUpTests.xctest */ = {isa = PBXFileReference; explicitFileType = wrapper.cfbundle; includeInIndex = 0; path = GateUpTests.xctest; sourceTree = BUILT_PRODUCTS_DIR; };
		3CFAA92B1DB807FD001DE5C3 /* GateUpTests.swift */ = {isa = PBXFileReference; lastKnownFileType = sourcecode.swift; path = GateUpTests.swift; sourceTree = "<group>"; };
		3CFAA92D1DB807FD001DE5C3 /* Info.plist */ = {isa = PBXFileReference; lastKnownFileType = text.plist.xml; path = Info.plist; sourceTree = "<group>"; };
		3CFAA9321DB807FD001DE5C3 /* GateUpUITests.xctest */ = {isa = PBXFileReference; explicitFileType = wrapper.cfbundle; includeInIndex = 0; path = GateUpUITests.xctest; sourceTree = BUILT_PRODUCTS_DIR; };
		3CFAA9361DB807FD001DE5C3 /* GateUpUITests.swift */ = {isa = PBXFileReference; lastKnownFileType = sourcecode.swift; path = GateUpUITests.swift; sourceTree = "<group>"; };
		3CFAA9381DB807FD001DE5C3 /* Info.plist */ = {isa = PBXFileReference; lastKnownFileType = text.plist.xml; path = Info.plist; sourceTree = "<group>"; };
		42A2D8A6569B435767F40C5A /* Pods-GateUp.release.xcconfig */ = {isa = PBXFileReference; includeInIndex = 1; lastKnownFileType = text.xcconfig; name = "Pods-GateUp.release.xcconfig"; path = "Pods/Target Support Files/Pods-GateUp/Pods-GateUp.release.xcconfig"; sourceTree = "<group>"; };
		4D37CF8AB261F048C188AECB /* Pods-GateUpUITests.release.xcconfig */ = {isa = PBXFileReference; includeInIndex = 1; lastKnownFileType = text.xcconfig; name = "Pods-GateUpUITests.release.xcconfig"; path = "Pods/Target Support Files/Pods-GateUpUITests/Pods-GateUpUITests.release.xcconfig"; sourceTree = "<group>"; };
		6670DE6F8E5A655F57B75ED3 /* Pods-GateUp.debug.xcconfig */ = {isa = PBXFileReference; includeInIndex = 1; lastKnownFileType = text.xcconfig; name = "Pods-GateUp.debug.xcconfig"; path = "Pods/Target Support Files/Pods-GateUp/Pods-GateUp.debug.xcconfig"; sourceTree = "<group>"; };
		82897203061F6BAA3EAAE490 /* Pods_GateUp.framework */ = {isa = PBXFileReference; explicitFileType = wrapper.framework; includeInIndex = 0; path = Pods_GateUp.framework; sourceTree = BUILT_PRODUCTS_DIR; };
		9960D2AC7D7E4C080608887A /* Pods_GateUpTests.framework */ = {isa = PBXFileReference; explicitFileType = wrapper.framework; includeInIndex = 0; path = Pods_GateUpTests.framework; sourceTree = BUILT_PRODUCTS_DIR; };
		A0D94185FAF225EC66FF8485 /* Pods-GateUpTests.release.xcconfig */ = {isa = PBXFileReference; includeInIndex = 1; lastKnownFileType = text.xcconfig; name = "Pods-GateUpTests.release.xcconfig"; path = "Pods/Target Support Files/Pods-GateUpTests/Pods-GateUpTests.release.xcconfig"; sourceTree = "<group>"; };
		A4353A2946E5DF12C3789C9A /* Pods-GateUpUITests.debug.xcconfig */ = {isa = PBXFileReference; includeInIndex = 1; lastKnownFileType = text.xcconfig; name = "Pods-GateUpUITests.debug.xcconfig"; path = "Pods/Target Support Files/Pods-GateUpUITests/Pods-GateUpUITests.debug.xcconfig"; sourceTree = "<group>"; };
/* End PBXFileReference section */

/* Begin PBXFrameworksBuildPhase section */
		3CFAA9101DB807FD001DE5C3 /* Frameworks */ = {
			isa = PBXFrameworksBuildPhase;
			buildActionMask = 2147483647;
			files = (
				B19C3B8D735238C35D8D090E /* Pods_GateUp.framework in Frameworks */,
			);
			runOnlyForDeploymentPostprocessing = 0;
		};
		3CFAA9241DB807FD001DE5C3 /* Frameworks */ = {
			isa = PBXFrameworksBuildPhase;
			buildActionMask = 2147483647;
			files = (
				0C652B74DBE36EB031032489 /* Pods_GateUpTests.framework in Frameworks */,
			);
			runOnlyForDeploymentPostprocessing = 0;
		};
		3CFAA92F1DB807FD001DE5C3 /* Frameworks */ = {
			isa = PBXFrameworksBuildPhase;
			buildActionMask = 2147483647;
			files = (
				1045957DFD0909F6E8DA8CC7 /* Pods_GateUpUITests.framework in Frameworks */,
			);
			runOnlyForDeploymentPostprocessing = 0;
		};
/* End PBXFrameworksBuildPhase section */

/* Begin PBXGroup section */
		0B6E9497900F02CAE3B383A4 /* Pods */ = {
			isa = PBXGroup;
			children = (
				6670DE6F8E5A655F57B75ED3 /* Pods-GateUp.debug.xcconfig */,
				42A2D8A6569B435767F40C5A /* Pods-GateUp.release.xcconfig */,
				16B524D64398A9C25BC423C0 /* Pods-GateUpTests.debug.xcconfig */,
				A0D94185FAF225EC66FF8485 /* Pods-GateUpTests.release.xcconfig */,
				A4353A2946E5DF12C3789C9A /* Pods-GateUpUITests.debug.xcconfig */,
				4D37CF8AB261F048C188AECB /* Pods-GateUpUITests.release.xcconfig */,
			);
			name = Pods;
			sourceTree = "<group>";
		};
		3C40F41A1DBBBDEB006C957E /* Login/SignUp */ = {
			isa = PBXGroup;
			children = (
				3C40F41B1DBBBE02006C957E /* SignUpViewController.swift */,
				3C40F41F1DBD0010006C957E /* LoginViewController.swift */,
			);
			name = Login/SignUp;
			sourceTree = "<group>";
		};
		3C40F4231DBD0490006C957E /* Resources */ = {
			isa = PBXGroup;
			children = (
				3CC45A7F1DDAAE190022D122 /* Fonts */,
				3CFAA91D1DB807FD001DE5C3 /* Assets.xcassets */,
				3CFAA91F1DB807FD001DE5C3 /* LaunchScreen.storyboard */,
				3CFAA9221DB807FD001DE5C3 /* Info.plist */,
			);
			name = Resources;
			sourceTree = "<group>";
		};
		3CC45A7F1DDAAE190022D122 /* Fonts */ = {
			isa = PBXGroup;
			children = (
				3C40F4241DBD0595006C957E /* TitilliumWeb-Black.ttf */,
				3C40F4251DBD0595006C957E /* TitilliumWeb-Bold.ttf */,
				3C40F4261DBD0595006C957E /* TitilliumWeb-BoldItalic.ttf */,
				3C40F4271DBD0595006C957E /* TitilliumWeb-ExtraLight.ttf */,
				3C40F4281DBD0595006C957E /* TitilliumWeb-ExtraLightItalic.ttf */,
				3C40F4291DBD0595006C957E /* TitilliumWeb-Italic.ttf */,
				3C40F42A1DBD0595006C957E /* TitilliumWeb-Light.ttf */,
				3C40F42B1DBD0595006C957E /* TitilliumWeb-LightItalic.ttf */,
				3C40F42C1DBD0595006C957E /* TitilliumWeb-Regular.ttf */,
				3C40F42D1DBD0595006C957E /* TitilliumWeb-SemiBold.ttf */,
				3C40F42E1DBD0595006C957E /* TitilliumWeb-SemiBoldItalic.ttf */,
			);
			name = Fonts;
			sourceTree = "<group>";
		};
		3CFAA90A1DB807FD001DE5C3 = {
			isa = PBXGroup;
			children = (
				3CFAA9151DB807FD001DE5C3 /* GateUp */,
				3CFAA92A1DB807FD001DE5C3 /* GateUpTests */,
				3CFAA9351DB807FD001DE5C3 /* GateUpUITests */,
				3CFAA9141DB807FD001DE5C3 /* Products */,
				0B6E9497900F02CAE3B383A4 /* Pods */,
				E7896035009A89A8DE0FEA90 /* Frameworks */,
			);
			sourceTree = "<group>";
		};
		3CFAA9141DB807FD001DE5C3 /* Products */ = {
			isa = PBXGroup;
			children = (
				3CFAA9131DB807FD001DE5C3 /* GateUp.app */,
				3CFAA9271DB807FD001DE5C3 /* GateUpTests.xctest */,
				3CFAA9321DB807FD001DE5C3 /* GateUpUITests.xctest */,
			);
			name = Products;
			sourceTree = "<group>";
		};
		3CFAA9151DB807FD001DE5C3 /* GateUp */ = {
			isa = PBXGroup;
			children = (
				3C40F4231DBD0490006C957E /* Resources */,
				3C40F4211DBD017E006C957E /* DesignManager.swift */,
				3C40F41A1DBBBDEB006C957E /* Login/SignUp */,
				3CFAA9161DB807FD001DE5C3 /* AppDelegate.swift */,
				3CFAA9181DB807FD001DE5C3 /* ViewController.swift */,
				3C4125921DBE52EA00659A1A /* ParkListViewController.swift */,
				3C06B32A1DDF5AAD0084BF82 /* ProfileTableViewController.swift */,
				3C3E45EE1DDFB09B00E68C80 /* ParkingInfoViewController.swift */,
				3CFAA91A1DB807FD001DE5C3 /* Main.storyboard */,
				3C4125941DBE531800659A1A /* ParkListTableViewCell.swift */,
				3C3E45F01DDFB0DB00E68C80 /* Parking.swift */,
			);
			path = GateUp;
			sourceTree = "<group>";
		};
		3CFAA92A1DB807FD001DE5C3 /* GateUpTests */ = {
			isa = PBXGroup;
			children = (
				3CFAA92B1DB807FD001DE5C3 /* GateUpTests.swift */,
				3CFAA92D1DB807FD001DE5C3 /* Info.plist */,
			);
			path = GateUpTests;
			sourceTree = "<group>";
		};
		3CFAA9351DB807FD001DE5C3 /* GateUpUITests */ = {
			isa = PBXGroup;
			children = (
				3CFAA9361DB807FD001DE5C3 /* GateUpUITests.swift */,
				3CFAA9381DB807FD001DE5C3 /* Info.plist */,
			);
			path = GateUpUITests;
			sourceTree = "<group>";
		};
		E7896035009A89A8DE0FEA90 /* Frameworks */ = {
			isa = PBXGroup;
			children = (
				82897203061F6BAA3EAAE490 /* Pods_GateUp.framework */,
				9960D2AC7D7E4C080608887A /* Pods_GateUpTests.framework */,
				07D45A4EA8EC9EF45CBF6330 /* Pods_GateUpUITests.framework */,
			);
			name = Frameworks;
			sourceTree = "<group>";
		};
/* End PBXGroup section */

/* Begin PBXNativeTarget section */
		3CFAA9121DB807FD001DE5C3 /* GateUp */ = {
			isa = PBXNativeTarget;
			buildConfigurationList = 3CFAA93B1DB807FD001DE5C3 /* Build configuration list for PBXNativeTarget "GateUp" */;
			buildPhases = (
				B3AD490C2BED4618461D9F6F /* [CP] Check Pods Manifest.lock */,
				3CFAA90F1DB807FD001DE5C3 /* Sources */,
				3CFAA9101DB807FD001DE5C3 /* Frameworks */,
				3CFAA9111DB807FD001DE5C3 /* Resources */,
				A1F8454E4C38922A6C63EE20 /* [CP] Embed Pods Frameworks */,
				C4C02C4724EB280FBFF95F74 /* [CP] Copy Pods Resources */,
			);
			buildRules = (
			);
			dependencies = (
			);
			name = GateUp;
			productName = GateUp;
			productReference = 3CFAA9131DB807FD001DE5C3 /* GateUp.app */;
			productType = "com.apple.product-type.application";
		};
		3CFAA9261DB807FD001DE5C3 /* GateUpTests */ = {
			isa = PBXNativeTarget;
			buildConfigurationList = 3CFAA93E1DB807FD001DE5C3 /* Build configuration list for PBXNativeTarget "GateUpTests" */;
			buildPhases = (
				62B98B02EBE43B8F92F9E823 /* [CP] Check Pods Manifest.lock */,
				3CFAA9231DB807FD001DE5C3 /* Sources */,
				3CFAA9241DB807FD001DE5C3 /* Frameworks */,
				3CFAA9251DB807FD001DE5C3 /* Resources */,
				6255917FA60F7D72A8BB0C5D /* [CP] Embed Pods Frameworks */,
				BFC282933948DD5FCE9A3763 /* [CP] Copy Pods Resources */,
			);
			buildRules = (
			);
			dependencies = (
				3CFAA9291DB807FD001DE5C3 /* PBXTargetDependency */,
			);
			name = GateUpTests;
			productName = GateUpTests;
			productReference = 3CFAA9271DB807FD001DE5C3 /* GateUpTests.xctest */;
			productType = "com.apple.product-type.bundle.unit-test";
		};
		3CFAA9311DB807FD001DE5C3 /* GateUpUITests */ = {
			isa = PBXNativeTarget;
			buildConfigurationList = 3CFAA9411DB807FD001DE5C3 /* Build configuration list for PBXNativeTarget "GateUpUITests" */;
			buildPhases = (
				C713806242769190920B4D7A /* [CP] Check Pods Manifest.lock */,
				3CFAA92E1DB807FD001DE5C3 /* Sources */,
				3CFAA92F1DB807FD001DE5C3 /* Frameworks */,
				3CFAA9301DB807FD001DE5C3 /* Resources */,
				1F84A937796D486852C6F8C1 /* [CP] Copy Pods Resources */,
			);
			buildRules = (
			);
			dependencies = (
				3CFAA9341DB807FD001DE5C3 /* PBXTargetDependency */,
			);
			name = GateUpUITests;
			productName = GateUpUITests;
			productReference = 3CFAA9321DB807FD001DE5C3 /* GateUpUITests.xctest */;
			productType = "com.apple.product-type.bundle.ui-testing";
		};
/* End PBXNativeTarget section */

/* Begin PBXProject section */
		3CFAA90B1DB807FD001DE5C3 /* Project object */ = {
			isa = PBXProject;
			attributes = {
				LastSwiftUpdateCheck = 0800;
				LastUpgradeCheck = 0800;
				ORGANIZATIONNAME = "Matheus Leite";
				TargetAttributes = {
					3CFAA9121DB807FD001DE5C3 = {
						CreatedOnToolsVersion = 8.0;
						DevelopmentTeam = X92Q7KS5VW;
						ProvisioningStyle = Automatic;
					};
					3CFAA9261DB807FD001DE5C3 = {
						CreatedOnToolsVersion = 8.0;
						DevelopmentTeam = X92Q7KS5VW;
						ProvisioningStyle = Automatic;
						TestTargetID = 3CFAA9121DB807FD001DE5C3;
					};
					3CFAA9311DB807FD001DE5C3 = {
						CreatedOnToolsVersion = 8.0;
						DevelopmentTeam = X92Q7KS5VW;
						ProvisioningStyle = Automatic;
						TestTargetID = 3CFAA9121DB807FD001DE5C3;
					};
				};
			};
			buildConfigurationList = 3CFAA90E1DB807FD001DE5C3 /* Build configuration list for PBXProject "GateUp" */;
			compatibilityVersion = "Xcode 3.2";
			developmentRegion = English;
			hasScannedForEncodings = 0;
			knownRegions = (
				en,
				Base,
			);
			mainGroup = 3CFAA90A1DB807FD001DE5C3;
			productRefGroup = 3CFAA9141DB807FD001DE5C3 /* Products */;
			projectDirPath = "";
			projectRoot = "";
			targets = (
				3CFAA9121DB807FD001DE5C3 /* GateUp */,
				3CFAA9261DB807FD001DE5C3 /* GateUpTests */,
				3CFAA9311DB807FD001DE5C3 /* GateUpUITests */,
			);
		};
/* End PBXProject section */

/* Begin PBXResourcesBuildPhase section */
		3CFAA9111DB807FD001DE5C3 /* Resources */ = {
			isa = PBXResourcesBuildPhase;
			buildActionMask = 2147483647;
			files = (
				3C40F4391DBD0595006C957E /* TitilliumWeb-SemiBoldItalic.ttf in Resources */,
				3C40F4301DBD0595006C957E /* TitilliumWeb-Bold.ttf in Resources */,
				3CFAA9211DB807FD001DE5C3 /* LaunchScreen.storyboard in Resources */,
				3CFAA91E1DB807FD001DE5C3 /* Assets.xcassets in Resources */,
				3C40F4341DBD0595006C957E /* TitilliumWeb-Italic.ttf in Resources */,
				3CFAA91C1DB807FD001DE5C3 /* Main.storyboard in Resources */,
				3C40F4361DBD0595006C957E /* TitilliumWeb-LightItalic.ttf in Resources */,
				3C40F4371DBD0595006C957E /* TitilliumWeb-Regular.ttf in Resources */,
				3C40F4311DBD0595006C957E /* TitilliumWeb-BoldItalic.ttf in Resources */,
				3C40F4331DBD0595006C957E /* TitilliumWeb-ExtraLightItalic.ttf in Resources */,
				3C40F42F1DBD0595006C957E /* TitilliumWeb-Black.ttf in Resources */,
				3C40F4351DBD0595006C957E /* TitilliumWeb-Light.ttf in Resources */,
				3C40F4381DBD0595006C957E /* TitilliumWeb-SemiBold.ttf in Resources */,
				3C40F4321DBD0595006C957E /* TitilliumWeb-ExtraLight.ttf in Resources */,
			);
			runOnlyForDeploymentPostprocessing = 0;
		};
		3CFAA9251DB807FD001DE5C3 /* Resources */ = {
			isa = PBXResourcesBuildPhase;
			buildActionMask = 2147483647;
			files = (
			);
			runOnlyForDeploymentPostprocessing = 0;
		};
		3CFAA9301DB807FD001DE5C3 /* Resources */ = {
			isa = PBXResourcesBuildPhase;
			buildActionMask = 2147483647;
			files = (
			);
			runOnlyForDeploymentPostprocessing = 0;
		};
/* End PBXResourcesBuildPhase section */

/* Begin PBXShellScriptBuildPhase section */
		1F84A937796D486852C6F8C1 /* [CP] Copy Pods Resources */ = {
			isa = PBXShellScriptBuildPhase;
			buildActionMask = 2147483647;
			files = (
			);
			inputPaths = (
			);
			name = "[CP] Copy Pods Resources";
			outputPaths = (
			);
			runOnlyForDeploymentPostprocessing = 0;
			shellPath = /bin/sh;
			shellScript = "\"${SRCROOT}/Pods/Target Support Files/Pods-GateUpUITests/Pods-GateUpUITests-resources.sh\"\n";
			showEnvVarsInLog = 0;
		};
		6255917FA60F7D72A8BB0C5D /* [CP] Embed Pods Frameworks */ = {
			isa = PBXShellScriptBuildPhase;
			buildActionMask = 2147483647;
			files = (
			);
			inputPaths = (
			);
			name = "[CP] Embed Pods Frameworks";
			outputPaths = (
			);
			runOnlyForDeploymentPostprocessing = 0;
			shellPath = /bin/sh;
			shellScript = "\"${SRCROOT}/Pods/Target Support Files/Pods-GateUpTests/Pods-GateUpTests-frameworks.sh\"\n";
			showEnvVarsInLog = 0;
		};
		62B98B02EBE43B8F92F9E823 /* [CP] Check Pods Manifest.lock */ = {
			isa = PBXShellScriptBuildPhase;
			buildActionMask = 2147483647;
			files = (
			);
			inputPaths = (
			);
			name = "[CP] Check Pods Manifest.lock";
			outputPaths = (
			);
			runOnlyForDeploymentPostprocessing = 0;
			shellPath = /bin/sh;
			shellScript = "diff \"${PODS_ROOT}/../Podfile.lock\" \"${PODS_ROOT}/Manifest.lock\" > /dev/null\nif [[ $? != 0 ]] ; then\n    cat << EOM\nerror: The sandbox is not in sync with the Podfile.lock. Run 'pod install' or update your CocoaPods installation.\nEOM\n    exit 1\nfi\n";
			showEnvVarsInLog = 0;
		};
		A1F8454E4C38922A6C63EE20 /* [CP] Embed Pods Frameworks */ = {
			isa = PBXShellScriptBuildPhase;
			buildActionMask = 2147483647;
			files = (
			);
			inputPaths = (
			);
			name = "[CP] Embed Pods Frameworks";
			outputPaths = (
			);
			runOnlyForDeploymentPostprocessing = 0;
			shellPath = /bin/sh;
			shellScript = "\"${SRCROOT}/Pods/Target Support Files/Pods-GateUp/Pods-GateUp-frameworks.sh\"\n";
			showEnvVarsInLog = 0;
		};
		B3AD490C2BED4618461D9F6F /* [CP] Check Pods Manifest.lock */ = {
			isa = PBXShellScriptBuildPhase;
			buildActionMask = 2147483647;
			files = (
			);
			inputPaths = (
			);
			name = "[CP] Check Pods Manifest.lock";
			outputPaths = (
			);
			runOnlyForDeploymentPostprocessing = 0;
			shellPath = /bin/sh;
			shellScript = "diff \"${PODS_ROOT}/../Podfile.lock\" \"${PODS_ROOT}/Manifest.lock\" > /dev/null\nif [[ $? != 0 ]] ; then\n    cat << EOM\nerror: The sandbox is not in sync with the Podfile.lock. Run 'pod install' or update your CocoaPods installation.\nEOM\n    exit 1\nfi\n";
			showEnvVarsInLog = 0;
		};
		BFC282933948DD5FCE9A3763 /* [CP] Copy Pods Resources */ = {
			isa = PBXShellScriptBuildPhase;
			buildActionMask = 2147483647;
			files = (
			);
			inputPaths = (
			);
			name = "[CP] Copy Pods Resources";
			outputPaths = (
			);
			runOnlyForDeploymentPostprocessing = 0;
			shellPath = /bin/sh;
			shellScript = "\"${SRCROOT}/Pods/Target Support Files/Pods-GateUpTests/Pods-GateUpTests-resources.sh\"\n";
			showEnvVarsInLog = 0;
		};
		C4C02C4724EB280FBFF95F74 /* [CP] Copy Pods Resources */ = {
			isa = PBXShellScriptBuildPhase;
			buildActionMask = 2147483647;
			files = (
			);
			inputPaths = (
			);
			name = "[CP] Copy Pods Resources";
			outputPaths = (
			);
			runOnlyForDeploymentPostprocessing = 0;
			shellPath = /bin/sh;
			shellScript = "\"${SRCROOT}/Pods/Target Support Files/Pods-GateUp/Pods-GateUp-resources.sh\"\n";
			showEnvVarsInLog = 0;
		};
		C713806242769190920B4D7A /* [CP] Check Pods Manifest.lock */ = {
			isa = PBXShellScriptBuildPhase;
			buildActionMask = 2147483647;
			files = (
			);
			inputPaths = (
			);
			name = "[CP] Check Pods Manifest.lock";
			outputPaths = (
			);
			runOnlyForDeploymentPostprocessing = 0;
			shellPath = /bin/sh;
			shellScript = "diff \"${PODS_ROOT}/../Podfile.lock\" \"${PODS_ROOT}/Manifest.lock\" > /dev/null\nif [[ $? != 0 ]] ; then\n    cat << EOM\nerror: The sandbox is not in sync with the Podfile.lock. Run 'pod install' or update your CocoaPods installation.\nEOM\n    exit 1\nfi\n";
			showEnvVarsInLog = 0;
		};
/* End PBXShellScriptBuildPhase section */

/* Begin PBXSourcesBuildPhase section */
		3CFAA90F1DB807FD001DE5C3 /* Sources */ = {
			isa = PBXSourcesBuildPhase;
			buildActionMask = 2147483647;
			files = (
				3C06B32B1DDF5AAD0084BF82 /* ProfileTableViewController.swift in Sources */,
				3C4125931DBE52EA00659A1A /* ParkListViewController.swift in Sources */,
				3C3E45F11DDFB0DB00E68C80 /* Parking.swift in Sources */,
				3C40F4201DBD0010006C957E /* LoginViewController.swift in Sources */,
				3C3E45EF1DDFB09B00E68C80 /* ParkingInfoViewController.swift in Sources */,
				3C40F41C1DBBBE02006C957E /* SignUpViewController.swift in Sources */,
				3CFAA9191DB807FD001DE5C3 /* ViewController.swift in Sources */,
				3C40F4221DBD017E006C957E /* DesignManager.swift in Sources */,
				3C4125951DBE531800659A1A /* ParkListTableViewCell.swift in Sources */,
				3CFAA9171DB807FD001DE5C3 /* AppDelegate.swift in Sources */,
			);
			runOnlyForDeploymentPostprocessing = 0;
		};
		3CFAA9231DB807FD001DE5C3 /* Sources */ = {
			isa = PBXSourcesBuildPhase;
			buildActionMask = 2147483647;
			files = (
				3CFAA92C1DB807FD001DE5C3 /* GateUpTests.swift in Sources */,
			);
			runOnlyForDeploymentPostprocessing = 0;
		};
		3CFAA92E1DB807FD001DE5C3 /* Sources */ = {
			isa = PBXSourcesBuildPhase;
			buildActionMask = 2147483647;
			files = (
				3CFAA9371DB807FD001DE5C3 /* GateUpUITests.swift in Sources */,
			);
			runOnlyForDeploymentPostprocessing = 0;
		};
/* End PBXSourcesBuildPhase section */

/* Begin PBXTargetDependency section */
		3CFAA9291DB807FD001DE5C3 /* PBXTargetDependency */ = {
			isa = PBXTargetDependency;
			target = 3CFAA9121DB807FD001DE5C3 /* GateUp */;
			targetProxy = 3CFAA9281DB807FD001DE5C3 /* PBXContainerItemProxy */;
		};
		3CFAA9341DB807FD001DE5C3 /* PBXTargetDependency */ = {
			isa = PBXTargetDependency;
			target = 3CFAA9121DB807FD001DE5C3 /* GateUp */;
			targetProxy = 3CFAA9331DB807FD001DE5C3 /* PBXContainerItemProxy */;
		};
/* End PBXTargetDependency section */

/* Begin PBXVariantGroup section */
		3CFAA91A1DB807FD001DE5C3 /* Main.storyboard */ = {
			isa = PBXVariantGroup;
			children = (
				3CFAA91B1DB807FD001DE5C3 /* Base */,
			);
			name = Main.storyboard;
			sourceTree = "<group>";
		};
		3CFAA91F1DB807FD001DE5C3 /* LaunchScreen.storyboard */ = {
			isa = PBXVariantGroup;
			children = (
				3CFAA9201DB807FD001DE5C3 /* Base */,
			);
			name = LaunchScreen.storyboard;
			sourceTree = "<group>";
		};
/* End PBXVariantGroup section */

/* Begin XCBuildConfiguration section */
		3CFAA9391DB807FD001DE5C3 /* Debug */ = {
			isa = XCBuildConfiguration;
			buildSettings = {
				ALWAYS_SEARCH_USER_PATHS = NO;
				CLANG_ANALYZER_NONNULL = YES;
				CLANG_CXX_LANGUAGE_STANDARD = "gnu++0x";
				CLANG_CXX_LIBRARY = "libc++";
				CLANG_ENABLE_MODULES = YES;
				CLANG_ENABLE_OBJC_ARC = YES;
				CLANG_WARN_BOOL_CONVERSION = YES;
				CLANG_WARN_CONSTANT_CONVERSION = YES;
				CLANG_WARN_DIRECT_OBJC_ISA_USAGE = YES_ERROR;
				CLANG_WARN_DOCUMENTATION_COMMENTS = YES;
				CLANG_WARN_EMPTY_BODY = YES;
				CLANG_WARN_ENUM_CONVERSION = YES;
				CLANG_WARN_INFINITE_RECURSION = YES;
				CLANG_WARN_INT_CONVERSION = YES;
				CLANG_WARN_OBJC_ROOT_CLASS = YES_ERROR;
				CLANG_WARN_SUSPICIOUS_MOVES = YES;
				CLANG_WARN_UNREACHABLE_CODE = YES;
				CLANG_WARN__DUPLICATE_METHOD_MATCH = YES;
				"CODE_SIGN_IDENTITY[sdk=iphoneos*]" = "iPhone Developer";
				COPY_PHASE_STRIP = NO;
				DEBUG_INFORMATION_FORMAT = dwarf;
				ENABLE_STRICT_OBJC_MSGSEND = YES;
				ENABLE_TESTABILITY = YES;
				GCC_C_LANGUAGE_STANDARD = gnu99;
				GCC_DYNAMIC_NO_PIC = NO;
				GCC_NO_COMMON_BLOCKS = YES;
				GCC_OPTIMIZATION_LEVEL = 0;
				GCC_PREPROCESSOR_DEFINITIONS = (
					"DEBUG=1",
					"$(inherited)",
				);
				GCC_WARN_64_TO_32_BIT_CONVERSION = YES;
				GCC_WARN_ABOUT_RETURN_TYPE = YES_ERROR;
				GCC_WARN_UNDECLARED_SELECTOR = YES;
				GCC_WARN_UNINITIALIZED_AUTOS = YES_AGGRESSIVE;
				GCC_WARN_UNUSED_FUNCTION = YES;
				GCC_WARN_UNUSED_VARIABLE = YES;
				IPHONEOS_DEPLOYMENT_TARGET = 10.0;
				MTL_ENABLE_DEBUG_INFO = YES;
				ONLY_ACTIVE_ARCH = YES;
				SDKROOT = iphoneos;
				SWIFT_ACTIVE_COMPILATION_CONDITIONS = DEBUG;
				SWIFT_OPTIMIZATION_LEVEL = "-Onone";
			};
			name = Debug;
		};
		3CFAA93A1DB807FD001DE5C3 /* Release */ = {
			isa = XCBuildConfiguration;
			buildSettings = {
				ALWAYS_SEARCH_USER_PATHS = NO;
				CLANG_ANALYZER_NONNULL = YES;
				CLANG_CXX_LANGUAGE_STANDARD = "gnu++0x";
				CLANG_CXX_LIBRARY = "libc++";
				CLANG_ENABLE_MODULES = YES;
				CLANG_ENABLE_OBJC_ARC = YES;
				CLANG_WARN_BOOL_CONVERSION = YES;
				CLANG_WARN_CONSTANT_CONVERSION = YES;
				CLANG_WARN_DIRECT_OBJC_ISA_USAGE = YES_ERROR;
				CLANG_WARN_DOCUMENTATION_COMMENTS = YES;
				CLANG_WARN_EMPTY_BODY = YES;
				CLANG_WARN_ENUM_CONVERSION = YES;
				CLANG_WARN_INFINITE_RECURSION = YES;
				CLANG_WARN_INT_CONVERSION = YES;
				CLANG_WARN_OBJC_ROOT_CLASS = YES_ERROR;
				CLANG_WARN_SUSPICIOUS_MOVES = YES;
				CLANG_WARN_UNREACHABLE_CODE = YES;
				CLANG_WARN__DUPLICATE_METHOD_MATCH = YES;
				"CODE_SIGN_IDENTITY[sdk=iphoneos*]" = "iPhone Developer";
				COPY_PHASE_STRIP = NO;
				DEBUG_INFORMATION_FORMAT = "dwarf-with-dsym";
				ENABLE_NS_ASSERTIONS = NO;
				ENABLE_STRICT_OBJC_MSGSEND = YES;
				GCC_C_LANGUAGE_STANDARD = gnu99;
				GCC_NO_COMMON_BLOCKS = YES;
				GCC_WARN_64_TO_32_BIT_CONVERSION = YES;
				GCC_WARN_ABOUT_RETURN_TYPE = YES_ERROR;
				GCC_WARN_UNDECLARED_SELECTOR = YES;
				GCC_WARN_UNINITIALIZED_AUTOS = YES_AGGRESSIVE;
				GCC_WARN_UNUSED_FUNCTION = YES;
				GCC_WARN_UNUSED_VARIABLE = YES;
				IPHONEOS_DEPLOYMENT_TARGET = 10.0;
				MTL_ENABLE_DEBUG_INFO = NO;
				SDKROOT = iphoneos;
				SWIFT_OPTIMIZATION_LEVEL = "-Owholemodule";
				VALIDATE_PRODUCT = YES;
			};
			name = Release;
		};
		3CFAA93C1DB807FD001DE5C3 /* Debug */ = {
			isa = XCBuildConfiguration;
			baseConfigurationReference = 6670DE6F8E5A655F57B75ED3 /* Pods-GateUp.debug.xcconfig */;
			buildSettings = {
				ASSETCATALOG_COMPILER_APPICON_NAME = AppIcon;
				DEVELOPMENT_TEAM = X92Q7KS5VW;
				INFOPLIST_FILE = GateUp/Info.plist;
				LD_RUNPATH_SEARCH_PATHS = "$(inherited) @executable_path/Frameworks";
				PRODUCT_BUNDLE_IDENTIFIER = com.gateup.GateUp;
				PRODUCT_NAME = "$(TARGET_NAME)";
				SWIFT_VERSION = 3.0;
			};
			name = Debug;
		};
		3CFAA93D1DB807FD001DE5C3 /* Release */ = {
			isa = XCBuildConfiguration;
			baseConfigurationReference = 42A2D8A6569B435767F40C5A /* Pods-GateUp.release.xcconfig */;
			buildSettings = {
				ASSETCATALOG_COMPILER_APPICON_NAME = AppIcon;
				DEVELOPMENT_TEAM = X92Q7KS5VW;
				INFOPLIST_FILE = GateUp/Info.plist;
				LD_RUNPATH_SEARCH_PATHS = "$(inherited) @executable_path/Frameworks";
				PRODUCT_BUNDLE_IDENTIFIER = com.gateup.GateUp;
				PRODUCT_NAME = "$(TARGET_NAME)";
				SWIFT_VERSION = 3.0;
			};
			name = Release;
		};
		3CFAA93F1DB807FD001DE5C3 /* Debug */ = {
			isa = XCBuildConfiguration;
			baseConfigurationReference = 16B524D64398A9C25BC423C0 /* Pods-GateUpTests.debug.xcconfig */;
			buildSettings = {
				ALWAYS_EMBED_SWIFT_STANDARD_LIBRARIES = YES;
				BUNDLE_LOADER = "$(TEST_HOST)";
				DEVELOPMENT_TEAM = X92Q7KS5VW;
				INFOPLIST_FILE = GateUpTests/Info.plist;
				LD_RUNPATH_SEARCH_PATHS = "$(inherited) @executable_path/Frameworks @loader_path/Frameworks";
				PRODUCT_BUNDLE_IDENTIFIER = com.gateup.GateUpTests;
				PRODUCT_NAME = "$(TARGET_NAME)";
				SWIFT_VERSION = 3.0;
				TEST_HOST = "$(BUILT_PRODUCTS_DIR)/GateUp.app/GateUp";
			};
			name = Debug;
		};
		3CFAA9401DB807FD001DE5C3 /* Release */ = {
			isa = XCBuildConfiguration;
			baseConfigurationReference = A0D94185FAF225EC66FF8485 /* Pods-GateUpTests.release.xcconfig */;
			buildSettings = {
				ALWAYS_EMBED_SWIFT_STANDARD_LIBRARIES = YES;
				BUNDLE_LOADER = "$(TEST_HOST)";
				DEVELOPMENT_TEAM = X92Q7KS5VW;
				INFOPLIST_FILE = GateUpTests/Info.plist;
				LD_RUNPATH_SEARCH_PATHS = "$(inherited) @executable_path/Frameworks @loader_path/Frameworks";
				PRODUCT_BUNDLE_IDENTIFIER = com.gateup.GateUpTests;
				PRODUCT_NAME = "$(TARGET_NAME)";
				SWIFT_VERSION = 3.0;
				TEST_HOST = "$(BUILT_PRODUCTS_DIR)/GateUp.app/GateUp";
			};
			name = Release;
		};
		3CFAA9421DB807FD001DE5C3 /* Debug */ = {
			isa = XCBuildConfiguration;
			baseConfigurationReference = A4353A2946E5DF12C3789C9A /* Pods-GateUpUITests.debug.xcconfig */;
			buildSettings = {
				ALWAYS_EMBED_SWIFT_STANDARD_LIBRARIES = YES;
				DEVELOPMENT_TEAM = X92Q7KS5VW;
				INFOPLIST_FILE = GateUpUITests/Info.plist;
				LD_RUNPATH_SEARCH_PATHS = "$(inherited) @executable_path/Frameworks @loader_path/Frameworks";
				PRODUCT_BUNDLE_IDENTIFIER = com.gateup.GateUpUITests;
				PRODUCT_NAME = "$(TARGET_NAME)";
				SWIFT_VERSION = 3.0;
				TEST_TARGET_NAME = GateUp;
			};
			name = Debug;
		};
		3CFAA9431DB807FD001DE5C3 /* Release */ = {
			isa = XCBuildConfiguration;
			baseConfigurationReference = 4D37CF8AB261F048C188AECB /* Pods-GateUpUITests.release.xcconfig */;
			buildSettings = {
				ALWAYS_EMBED_SWIFT_STANDARD_LIBRARIES = YES;
				DEVELOPMENT_TEAM = X92Q7KS5VW;
				INFOPLIST_FILE = GateUpUITests/Info.plist;
				LD_RUNPATH_SEARCH_PATHS = "$(inherited) @executable_path/Frameworks @loader_path/Frameworks";
				PRODUCT_BUNDLE_IDENTIFIER = com.gateup.GateUpUITests;
				PRODUCT_NAME = "$(TARGET_NAME)";
				SWIFT_VERSION = 3.0;
				TEST_TARGET_NAME = GateUp;
			};
			name = Release;
		};
/* End XCBuildConfiguration section */

/* Begin XCConfigurationList section */
		3CFAA90E1DB807FD001DE5C3 /* Build configuration list for PBXProject "GateUp" */ = {
			isa = XCConfigurationList;
			buildConfigurations = (
				3CFAA9391DB807FD001DE5C3 /* Debug */,
				3CFAA93A1DB807FD001DE5C3 /* Release */,
			);
			defaultConfigurationIsVisible = 0;
			defaultConfigurationName = Release;
		};
		3CFAA93B1DB807FD001DE5C3 /* Build configuration list for PBXNativeTarget "GateUp" */ = {
			isa = XCConfigurationList;
			buildConfigurations = (
				3CFAA93C1DB807FD001DE5C3 /* Debug */,
				3CFAA93D1DB807FD001DE5C3 /* Release */,
			);
			defaultConfigurationIsVisible = 0;
			defaultConfigurationName = Release;
		};
		3CFAA93E1DB807FD001DE5C3 /* Build configuration list for PBXNativeTarget "GateUpTests" */ = {
			isa = XCConfigurationList;
			buildConfigurations = (
				3CFAA93F1DB807FD001DE5C3 /* Debug */,
				3CFAA9401DB807FD001DE5C3 /* Release */,
			);
			defaultConfigurationIsVisible = 0;
			defaultConfigurationName = Release;
		};
		3CFAA9411DB807FD001DE5C3 /* Build configuration list for PBXNativeTarget "GateUpUITests" */ = {
			isa = XCConfigurationList;
			buildConfigurations = (
				3CFAA9421DB807FD001DE5C3 /* Debug */,
				3CFAA9431DB807FD001DE5C3 /* Release */,
			);
			defaultConfigurationIsVisible = 0;
			defaultConfigurationName = Release;
		};
/* End XCConfigurationList section */
	};
	rootObject = 3CFAA90B1DB807FD001DE5C3 /* Project object */;
}
